
Microsoft Visual Studio Solution File, Format Version 11.00
# Visual Studio 2010
Project("{FAE04EC0-301F-11D3-BF4B-00C04F79EFBC}") = "FillHole", "FillHole.csproj", "{714DEA82-9CAB-4135-A31A-74F4E43282FF}"
EndProject
Global
	GlobalSection(SolutionConfigurationPlatforms) = preSolution
		Debug|x86 = Debug|x86
		Release|x86 = Release|x86
	EndGlobalSection
	GlobalSection(ProjectConfigurationPlatforms) = postSolution
		{714DEA82-9CAB-4135-A31A-74F4E43282FF}.Debug|x86.ActiveCfg = Debug|x86
		{714DEA82-9CAB-4135-A31A-74F4E43282FF}.Debug|x86.Build.0 = Debug|x86
		{714DEA82-9CAB-4135-A31A-74F4E43282FF}.Release|x86.ActiveCfg = Release|x86
		{714DEA82-9CAB-4135-A31A-74F4E43282FF}.Release|x86.Build.0 = Release|x86
	EndGlobalSection
	GlobalSection(SolutionProperties) = preSolution
		HideSolutionNode = FALSE
	EndGlobalSection
EndGlobal
